
Microsoft Visual Studio Solution File, Format Version 12.00
# Visual Studio Version 17
VisualStudioVersion = 17.6.33815.320
MinimumVisualStudioVersion = 10.0.40219.1
Project("{2150E333-8FDC-42A3-9474-1A3956D46DE8}") = "Engine", "Engine", "{87FEC396-4695-4ED0-A6CB-02DC21101FBE}"
EndProject
Project("{2150E333-8FDC-42A3-9474-1A3956D46DE8}") = "Game", "Game", "{3DDE1087-A0B6-423F-9E10-E8825EC89F90}"
EndProject
Project("{8BC9CEB8-8B4A-11D0-8D11-00A0C91BC942}") = "Game", "Source\Game\Game\Game.vcxproj", "{263A328F-E0A4-428A-BB57-8EFDE6EE00B0}"
EndProject
Project("{8BC9CEB8-8B4A-11D0-8D11-00A0C91BC942}") = "Core", "Source\Engine\Core\Core.vcxproj", "{2E09A753-3084-4C98-A6B2-EAB18911A2F7}"
EndProject
Global
	GlobalSection(SolutionConfigurationPlatforms) = preSolution
		Debug|x64 = Debug|x64
		Debug|x86 = Debug|x86
		Release|x64 = Release|x64
		Release|x86 = Release|x86
	EndGlobalSection
	GlobalSection(ProjectConfigurationPlatforms) = postSolution
		{263A328F-E0A4-428A-BB57-8EFDE6EE00B0}.Debug|x64.ActiveCfg = Debug|x64
		{263A328F-E0A4-428A-BB57-8EFDE6EE00B0}.Debug|x64.Build.0 = Debug|x64
		{263A328F-E0A4-428A-BB57-8EFDE6EE00B0}.Debug|x86.ActiveCfg = Debug|Win32
		{263A328F-E0A4-428A-BB57-8EFDE6EE00B0}.Debug|x86.Build.0 = Debug|Win32
		{263A328F-E0A4-428A-BB57-8EFDE6EE00B0}.Release|x64.ActiveCfg = Release|x64
		{263A328F-E0A4-428A-BB57-8EFDE6EE00B0}.Release|x64.Build.0 = Release|x64
		{263A328F-E0A4-428A-BB57-8EFDE6EE00B0}.Release|x86.ActiveCfg = Release|Win32
		{263A328F-E0A4-428A-BB57-8EFDE6EE00B0}.Release|x86.Build.0 = Release|Win32
		{2E09A753-3084-4C98-A6B2-EAB18911A2F7}.Debug|x64.ActiveCfg = Debug|x64
		{2E09A753-3084-4C98-A6B2-EAB18911A2F7}.Debug|x64.Build.0 = Debug|x64
		{2E09A753-3084-4C98-A6B2-EAB18911A2F7}.Debug|x86.ActiveCfg = Debug|Win32
		{2E09A753-3084-4C98-A6B2-EAB18911A2F7}.Debug|x86.Build.0 = Debug|Win32
		{2E09A753-3084-4C98-A6B2-EAB18911A2F7}.Release|x64.ActiveCfg = Release|x64
		{2E09A753-3084-4C98-A6B2-EAB18911A2F7}.Release|x64.Build.0 = Release|x64
		{2E09A753-3084-4C98-A6B2-EAB18911A2F7}.Release|x86.ActiveCfg = Release|Win32
		{2E09A753-3084-4C98-A6B2-EAB18911A2F7}.Release|x86.Build.0 = Release|Win32
	EndGlobalSection
	GlobalSection(SolutionProperties) = preSolution
		HideSolutionNode = FALSE
	EndGlobalSection
	GlobalSection(NestedProjects) = preSolution
		{263A328F-E0A4-428A-BB57-8EFDE6EE00B0} = {3DDE1087-A0B6-423F-9E10-E8825EC89F90}
		{2E09A753-3084-4C98-A6B2-EAB18911A2F7} = {87FEC396-4695-4ED0-A6CB-02DC21101FBE}
	EndGlobalSection
	GlobalSection(ExtensibilityGlobals) = postSolution
		SolutionGuid = {A361811B-A753-49F8-8D8C-9C84571C6349}
	EndGlobalSection
EndGlobal
